
Microsoft Visual Studio Solution File, Format Version 12.00
# Visual Studio Version 17
VisualStudioVersion = 17.12.35527.113
MinimumVisualStudioVersion = 10.0.40219.1
Project("{FAE04EC0-301F-11D3-BF4B-00C04F79EFBC}") = "GUIDGenerator", "GUIDGenerator\GUIDGenerator.csproj", "{8844E88D-2D9A-4F62-99B9-170DB50356AF}"
EndProject
Project("{FAE04EC0-301F-11D3-BF4B-00C04F79EFBC}") = "PercentageCalculator", "PercentageCalculator\PercentageCalculator.csproj", "{C69CA401-559A-4F5A-842D-D5B160D19DE3}"
EndProject
Project("{2150E333-8FDC-42A3-9474-1A3956D46DE8}") = "Solution Items", "Solution Items", "{08FE35F2-E460-452E-A2AD-EB58660C78D7}"
	ProjectSection(SolutionItems) = preProject
		README.md = README.md
	EndProjectSection
EndProject
Global
	GlobalSection(SolutionConfigurationPlatforms) = preSolution
		Debug|Any CPU = Debug|Any CPU
		Release|Any CPU = Release|Any CPU
	EndGlobalSection
	GlobalSection(ProjectConfigurationPlatforms) = postSolution
		{8844E88D-2D9A-4F62-99B9-170DB50356AF}.Debug|Any CPU.ActiveCfg = Debug|Any CPU
		{8844E88D-2D9A-4F62-99B9-170DB50356AF}.Debug|Any CPU.Build.0 = Debug|Any CPU
		{8844E88D-2D9A-4F62-99B9-170DB50356AF}.Release|Any CPU.ActiveCfg = Release|Any CPU
		{8844E88D-2D9A-4F62-99B9-170DB50356AF}.Release|Any CPU.Build.0 = Release|Any CPU
		{C69CA401-559A-4F5A-842D-D5B160D19DE3}.Debug|Any CPU.ActiveCfg = Debug|Any CPU
		{C69CA401-559A-4F5A-842D-D5B160D19DE3}.Debug|Any CPU.Build.0 = Debug|Any CPU
		{C69CA401-559A-4F5A-842D-D5B160D19DE3}.Release|Any CPU.ActiveCfg = Release|Any CPU
		{C69CA401-559A-4F5A-842D-D5B160D19DE3}.Release|Any CPU.Build.0 = Release|Any CPU
	EndGlobalSection
	GlobalSection(SolutionProperties) = preSolution
		HideSolutionNode = FALSE
	EndGlobalSection
EndGlobal
